Microsoft Visual Studio Solution File, Format Version 11.00
# Visual Studio 2008

Project("{AA3D3A6F-D1CD-EE32-B013-CD3D52D4DF8A}") = "GD205 Week 4", "Assembly-CSharp.csproj", "{56264C27-58E3-3070-2DE6-B876EB36E598}"
EndProject
Global
	GlobalSection(SolutionConfigurationPlatforms) = preSolution
		Debug|Any CPU = Debug|Any CPU
		Release|Any CPU = Release|Any CPU
	EndGlobalSection
	GlobalSection(ProjectConfigurationPlatforms) = postSolution
		{56264C27-58E3-3070-2DE6-B876EB36E598}.Debug|Any CPU.ActiveCfg = Debug|Any CPU
		{56264C27-58E3-3070-2DE6-B876EB36E598}.Debug|Any CPU.Build.0 = Debug|Any CPU
		{56264C27-58E3-3070-2DE6-B876EB36E598}.Release|Any CPU.ActiveCfg = Release|Any CPU
		{56264C27-58E3-3070-2DE6-B876EB36E598}.Release|Any CPU.Build.0 = Release|Any CPU
	EndGlobalSection
	GlobalSection(SolutionProperties) = preSolution
		HideSolutionNode = FALSE
	EndGlobalSection
	GlobalSection(MonoDevelopProperties) = preSolution
		StartupItem = Assembly-CSharp.csproj
	EndGlobalSection
EndGlobal
